
Microsoft Visual Studio Solution File, Format Version 12.00
# Visual Studio Version 17
VisualStudioVersion = 17.10.35013.160
MinimumVisualStudioVersion = 10.0.40219.1
Project("{FAE04EC0-301F-11D3-BF4B-00C04F79EFBC}") = "SqlTableViewer", "SqlTableViewer\SqlTableViewer.csproj", "{C62AFC43-56AC-46EE-888F-D92187D586AB}"
EndProject
Global
	GlobalSection(SolutionConfigurationPlatforms) = preSolution
		Debug|Any CPU = Debug|Any CPU
		Release|Any CPU = Release|Any CPU
	EndGlobalSection
	GlobalSection(ProjectConfigurationPlatforms) = postSolution
		{C62AFC43-56AC-46EE-888F-D92187D586AB}.Debug|Any CPU.ActiveCfg = Debug|Any CPU
		{C62AFC43-56AC-46EE-888F-D92187D586AB}.Debug|Any CPU.Build.0 = Debug|Any CPU
		{C62AFC43-56AC-46EE-888F-D92187D586AB}.Release|Any CPU.ActiveCfg = Release|Any CPU
		{C62AFC43-56AC-46EE-888F-D92187D586AB}.Release|Any CPU.Build.0 = Release|Any CPU
	EndGlobalSection
	GlobalSection(SolutionProperties) = preSolution
		HideSolutionNode = FALSE
	EndGlobalSection
	GlobalSection(ExtensibilityGlobals) = postSolution
		SolutionGuid = {E6CC16CD-399F-4CFA-98E9-702BE4007416}
	EndGlobalSection
EndGlobal
